Microsoft Visual Studio Solution File, Format Version 11.00
# Visual Studio 2008

Project("{F89F570B-AC17-1D6B-C06A-0FF17977877D}") = "TsumTsum", "Assembly-CSharp.csproj", "{8D70E750-852B-9552-9BD8-27E4955F73BA}"
EndProject
Global
	GlobalSection(SolutionConfigurationPlatforms) = preSolution
		Debug|Any CPU = Debug|Any CPU
		Release|Any CPU = Release|Any CPU
	EndGlobalSection
	GlobalSection(ProjectConfigurationPlatforms) = postSolution
		{8D70E750-852B-9552-9BD8-27E4955F73BA}.Debug|Any CPU.ActiveCfg = Debug|Any CPU
		{8D70E750-852B-9552-9BD8-27E4955F73BA}.Debug|Any CPU.Build.0 = Debug|Any CPU
		{8D70E750-852B-9552-9BD8-27E4955F73BA}.Release|Any CPU.ActiveCfg = Release|Any CPU
		{8D70E750-852B-9552-9BD8-27E4955F73BA}.Release|Any CPU.Build.0 = Release|Any CPU
	EndGlobalSection
	GlobalSection(SolutionProperties) = preSolution
		HideSolutionNode = FALSE
	EndGlobalSection
	GlobalSection(MonoDevelopProperties) = preSolution
		StartupItem = Assembly-CSharp.csproj
	EndGlobalSection
EndGlobal
